
Microsoft Visual Studio Solution File, Format Version 12.00
# Visual Studio Version 16
VisualStudioVersion = 16.0.31313.79
MinimumVisualStudioVersion = 10.0.40219.1
Project("{2150E333-8FDC-42A3-9474-1A3956D46DE8}") = "Solution Items", "Solution Items", "{23347B36-F46F-42B3-9590-73E09C077C0A}"
	ProjectSection(SolutionItems) = preProject
		Copyright.txt = Copyright.txt
		License.txt = License.txt
		Readme.txt = Readme.txt
	EndProjectSection
EndProject
Project("{FAE04EC0-301F-11D3-BF4B-00C04F79EFBC}") = "Lingua", "Lingua\Lingua.csproj", "{300B1D6C-E066-4120-B8AA-D76E13536516}"
EndProject
Project("{FAE04EC0-301F-11D3-BF4B-00C04F79EFBC}") = "LinguaDemo", "LinguaDemo\LinguaDemo.csproj", "{11D4AD8E-F648-4DDA-8194-72C0D880C924}"
EndProject
Global
	GlobalSection(SolutionConfigurationPlatforms) = preSolution
		Debug|Any CPU = Debug|Any CPU
		Release|Any CPU = Release|Any CPU
	EndGlobalSection
	GlobalSection(ProjectConfigurationPlatforms) = postSolution
		{300B1D6C-E066-4120-B8AA-D76E13536516}.Debug|Any CPU.ActiveCfg = Debug|Any CPU
		{300B1D6C-E066-4120-B8AA-D76E13536516}.Debug|Any CPU.Build.0 = Debug|Any CPU
		{300B1D6C-E066-4120-B8AA-D76E13536516}.Release|Any CPU.ActiveCfg = Release|Any CPU
		{300B1D6C-E066-4120-B8AA-D76E13536516}.Release|Any CPU.Build.0 = Release|Any CPU
		{11D4AD8E-F648-4DDA-8194-72C0D880C924}.Debug|Any CPU.ActiveCfg = Debug|Any CPU
		{11D4AD8E-F648-4DDA-8194-72C0D880C924}.Debug|Any CPU.Build.0 = Debug|Any CPU
		{11D4AD8E-F648-4DDA-8194-72C0D880C924}.Release|Any CPU.ActiveCfg = Release|Any CPU
		{11D4AD8E-F648-4DDA-8194-72C0D880C924}.Release|Any CPU.Build.0 = Release|Any CPU
	EndGlobalSection
	GlobalSection(SolutionProperties) = preSolution
		HideSolutionNode = FALSE
	EndGlobalSection
	GlobalSection(ExtensibilityGlobals) = postSolution
		SolutionGuid = {85BF87CD-338C-4105-8030-9B4D8993DF61}
	EndGlobalSection
	GlobalSection(SubversionScc) = preSolution
		Svn-Managed = True
		Manager = AnkhSVN - Subversion Support for Visual Studio
	EndGlobalSection
EndGlobal
